
Microsoft Visual Studio Solution File, Format Version 12.00
# Visual Studio Version 16
VisualStudioVersion = 16.0.29806.167
MinimumVisualStudioVersion = 10.0.40219.1
Project("{9A19103F-16F7-4668-BE54-9A1E7A4F7556}") = "DecorationMaterialCalculator", "DecorationMaterialCalculator\DecorationMaterialCalculator.csproj", "{DD7B0E6B-50F0-478E-8F24-FB23D7D3A2F6}"
EndProject
Project("{FAE04EC0-301F-11D3-BF4B-00C04F79EFBC}") = "ComputerIDGenerator", "ComputerIDGenerator\ComputerIDGenerator.csproj", "{DE0950A9-5E18-43B5-B972-5A348055A869}"
EndProject
Global
	GlobalSection(SolutionConfigurationPlatforms) = preSolution
		Debug|Any CPU = Debug|Any CPU
		Release|Any CPU = Release|Any CPU
	EndGlobalSection
	GlobalSection(ProjectConfigurationPlatforms) = postSolution
		{DD7B0E6B-50F0-478E-8F24-FB23D7D3A2F6}.Debug|Any CPU.ActiveCfg = Debug|Any CPU
		{DD7B0E6B-50F0-478E-8F24-FB23D7D3A2F6}.Debug|Any CPU.Build.0 = Debug|Any CPU
		{DD7B0E6B-50F0-478E-8F24-FB23D7D3A2F6}.Release|Any CPU.ActiveCfg = Release|Any CPU
		{DD7B0E6B-50F0-478E-8F24-FB23D7D3A2F6}.Release|Any CPU.Build.0 = Release|Any CPU
		{DE0950A9-5E18-43B5-B972-5A348055A869}.Debug|Any CPU.ActiveCfg = Debug|Any CPU
		{DE0950A9-5E18-43B5-B972-5A348055A869}.Debug|Any CPU.Build.0 = Debug|Any CPU
		{DE0950A9-5E18-43B5-B972-5A348055A869}.Release|Any CPU.ActiveCfg = Release|Any CPU
		{DE0950A9-5E18-43B5-B972-5A348055A869}.Release|Any CPU.Build.0 = Release|Any CPU
	EndGlobalSection
	GlobalSection(SolutionProperties) = preSolution
		HideSolutionNode = FALSE
	EndGlobalSection
	GlobalSection(ExtensibilityGlobals) = postSolution
		SolutionGuid = {763DB921-4FEC-40F2-8FA3-D511E589EE6A}
	EndGlobalSection
EndGlobal
